
Microsoft Visual Studio Solution File, Format Version 12.00
# Visual Studio Version 17
VisualStudioVersion = 17.0.31903.59
MinimumVisualStudioVersion = 10.0.40219.1
Project("{2150E333-8FDC-42A3-9474-1A3956D46DE8}") = "src", "src", "{827E0CD3-B72D-47B6-A68D-7590B98EB39B}"
EndProject
Project("{FAE04EC0-301F-11D3-BF4B-00C04F79EFBC}") = "OOPTraining.AbstractionAndInheritance", "src\OOPTraining.AbstractionAndInheritance\OOPTraining.AbstractionAndInheritance.csproj", "{C367E2FD-726E-405D-B0B4-B5025B1697F7}"
EndProject
Project("{FAE04EC0-301F-11D3-BF4B-00C04F79EFBC}") = "OOPTraining.Common", "src\OOPTraining.Common\OOPTraining.Common.csproj", "{9D7C9BC4-DC7F-4F2F-9CDC-B585167FD483}"
EndProject
Project("{FAE04EC0-301F-11D3-BF4B-00C04F79EFBC}") = "OOPTraining.DisasterCode", "src\OOPTraining.DisasterCode\OOPTraining.DisasterCode.csproj", "{4856797F-EE1E-4909-9B86-5299F6C0EC2F}"
EndProject
Project("{FAE04EC0-301F-11D3-BF4B-00C04F79EFBC}") = "OOPTraining.Encapsulation", "src\OOPTraining.Encapsulation\OOPTraining.Encapsulation.csproj", "{C59801F3-6BFD-4D3A-B1E5-3DB9CD241559}"
EndProject
Project("{FAE04EC0-301F-11D3-BF4B-00C04F79EFBC}") = "OOPTraining.HelloWorld", "src\OOPTraining.HelloWorld\OOPTraining.HelloWorld.csproj", "{9F88989C-54EC-4BA5-B383-A21CE5F4DE38}"
EndProject
Project("{FAE04EC0-301F-11D3-BF4B-00C04F79EFBC}") = "OOPTraining.Polymorphism", "src\OOPTraining.Polymorphism\OOPTraining.Polymorphism.csproj", "{169F64D5-6F70-4557-B54E-8FF5496FACB3}"
EndProject
Global
	GlobalSection(SolutionConfigurationPlatforms) = preSolution
		Debug|Any CPU = Debug|Any CPU
		Debug|x64 = Debug|x64
		Debug|x86 = Debug|x86
		Release|Any CPU = Release|Any CPU
		Release|x64 = Release|x64
		Release|x86 = Release|x86
	EndGlobalSection
	GlobalSection(ProjectConfigurationPlatforms) = postSolution
		{C367E2FD-726E-405D-B0B4-B5025B1697F7}.Debug|Any CPU.ActiveCfg = Debug|Any CPU
		{C367E2FD-726E-405D-B0B4-B5025B1697F7}.Debug|Any CPU.Build.0 = Debug|Any CPU
		{C367E2FD-726E-405D-B0B4-B5025B1697F7}.Debug|x64.ActiveCfg = Debug|Any CPU
		{C367E2FD-726E-405D-B0B4-B5025B1697F7}.Debug|x64.Build.0 = Debug|Any CPU
		{C367E2FD-726E-405D-B0B4-B5025B1697F7}.Debug|x86.ActiveCfg = Debug|Any CPU
		{C367E2FD-726E-405D-B0B4-B5025B1697F7}.Debug|x86.Build.0 = Debug|Any CPU
		{C367E2FD-726E-405D-B0B4-B5025B1697F7}.Release|Any CPU.ActiveCfg = Release|Any CPU
		{C367E2FD-726E-405D-B0B4-B5025B1697F7}.Release|Any CPU.Build.0 = Release|Any CPU
		{C367E2FD-726E-405D-B0B4-B5025B1697F7}.Release|x64.ActiveCfg = Release|Any CPU
		{C367E2FD-726E-405D-B0B4-B5025B1697F7}.Release|x64.Build.0 = Release|Any CPU
		{C367E2FD-726E-405D-B0B4-B5025B1697F7}.Release|x86.ActiveCfg = Release|Any CPU
		{C367E2FD-726E-405D-B0B4-B5025B1697F7}.Release|x86.Build.0 = Release|Any CPU
		{9D7C9BC4-DC7F-4F2F-9CDC-B585167FD483}.Debug|Any CPU.ActiveCfg = Debug|Any CPU
		{9D7C9BC4-DC7F-4F2F-9CDC-B585167FD483}.Debug|Any CPU.Build.0 = Debug|Any CPU
		{9D7C9BC4-DC7F-4F2F-9CDC-B585167FD483}.Debug|x64.ActiveCfg = Debug|Any CPU
		{9D7C9BC4-DC7F-4F2F-9CDC-B585167FD483}.Debug|x64.Build.0 = Debug|Any CPU
		{9D7C9BC4-DC7F-4F2F-9CDC-B585167FD483}.Debug|x86.ActiveCfg = Debug|Any CPU
		{9D7C9BC4-DC7F-4F2F-9CDC-B585167FD483}.Debug|x86.Build.0 = Debug|Any CPU
		{9D7C9BC4-DC7F-4F2F-9CDC-B585167FD483}.Release|Any CPU.ActiveCfg = Release|Any CPU
		{9D7C9BC4-DC7F-4F2F-9CDC-B585167FD483}.Release|Any CPU.Build.0 = Release|Any CPU
		{9D7C9BC4-DC7F-4F2F-9CDC-B585167FD483}.Release|x64.ActiveCfg = Release|Any CPU
		{9D7C9BC4-DC7F-4F2F-9CDC-B585167FD483}.Release|x64.Build.0 = Release|Any CPU
		{9D7C9BC4-DC7F-4F2F-9CDC-B585167FD483}.Release|x86.ActiveCfg = Release|Any CPU
		{9D7C9BC4-DC7F-4F2F-9CDC-B585167FD483}.Release|x86.Build.0 = Release|Any CPU
		{4856797F-EE1E-4909-9B86-5299F6C0EC2F}.Debug|Any CPU.ActiveCfg = Debug|Any CPU
		{4856797F-EE1E-4909-9B86-5299F6C0EC2F}.Debug|Any CPU.Build.0 = Debug|Any CPU
		{4856797F-EE1E-4909-9B86-5299F6C0EC2F}.Debug|x64.ActiveCfg = Debug|Any CPU
		{4856797F-EE1E-4909-9B86-5299F6C0EC2F}.Debug|x64.Build.0 = Debug|Any CPU
		{4856797F-EE1E-4909-9B86-5299F6C0EC2F}.Debug|x86.ActiveCfg = Debug|Any CPU
		{4856797F-EE1E-4909-9B86-5299F6C0EC2F}.Debug|x86.Build.0 = Debug|Any CPU
		{4856797F-EE1E-4909-9B86-5299F6C0EC2F}.Release|Any CPU.ActiveCfg = Release|Any CPU
		{4856797F-EE1E-4909-9B86-5299F6C0EC2F}.Release|Any CPU.Build.0 = Release|Any CPU
		{4856797F-EE1E-4909-9B86-5299F6C0EC2F}.Release|x64.ActiveCfg = Release|Any CPU
		{4856797F-EE1E-4909-9B86-5299F6C0EC2F}.Release|x64.Build.0 = Release|Any CPU
		{4856797F-EE1E-4909-9B86-5299F6C0EC2F}.Release|x86.ActiveCfg = Release|Any CPU
		{4856797F-EE1E-4909-9B86-5299F6C0EC2F}.Release|x86.Build.0 = Release|Any CPU
		{C59801F3-6BFD-4D3A-B1E5-3DB9CD241559}.Debug|Any CPU.ActiveCfg = Debug|Any CPU
		{C59801F3-6BFD-4D3A-B1E5-3DB9CD241559}.Debug|Any CPU.Build.0 = Debug|Any CPU
		{C59801F3-6BFD-4D3A-B1E5-3DB9CD241559}.Debug|x64.ActiveCfg = Debug|Any CPU
		{C59801F3-6BFD-4D3A-B1E5-3DB9CD241559}.Debug|x64.Build.0 = Debug|Any CPU
		{C59801F3-6BFD-4D3A-B1E5-3DB9CD241559}.Debug|x86.ActiveCfg = Debug|Any CPU
		{C59801F3-6BFD-4D3A-B1E5-3DB9CD241559}.Debug|x86.Build.0 = Debug|Any CPU
		{C59801F3-6BFD-4D3A-B1E5-3DB9CD241559}.Release|Any CPU.ActiveCfg = Release|Any CPU
		{C59801F3-6BFD-4D3A-B1E5-3DB9CD241559}.Release|Any CPU.Build.0 = Release|Any CPU
		{C59801F3-6BFD-4D3A-B1E5-3DB9CD241559}.Release|x64.ActiveCfg = Release|Any CPU
		{C59801F3-6BFD-4D3A-B1E5-3DB9CD241559}.Release|x64.Build.0 = Release|Any CPU
		{C59801F3-6BFD-4D3A-B1E5-3DB9CD241559}.Release|x86.ActiveCfg = Release|Any CPU
		{C59801F3-6BFD-4D3A-B1E5-3DB9CD241559}.Release|x86.Build.0 = Release|Any CPU
		{9F88989C-54EC-4BA5-B383-A21CE5F4DE38}.Debug|Any CPU.ActiveCfg = Debug|Any CPU
		{9F88989C-54EC-4BA5-B383-A21CE5F4DE38}.Debug|Any CPU.Build.0 = Debug|Any CPU
		{9F88989C-54EC-4BA5-B383-A21CE5F4DE38}.Debug|x64.ActiveCfg = Debug|Any CPU
		{9F88989C-54EC-4BA5-B383-A21CE5F4DE38}.Debug|x64.Build.0 = Debug|Any CPU
		{9F88989C-54EC-4BA5-B383-A21CE5F4DE38}.Debug|x86.ActiveCfg = Debug|Any CPU
		{9F88989C-54EC-4BA5-B383-A21CE5F4DE38}.Debug|x86.Build.0 = Debug|Any CPU
		{9F88989C-54EC-4BA5-B383-A21CE5F4DE38}.Release|Any CPU.ActiveCfg = Release|Any CPU
		{9F88989C-54EC-4BA5-B383-A21CE5F4DE38}.Release|Any CPU.Build.0 = Release|Any CPU
		{9F88989C-54EC-4BA5-B383-A21CE5F4DE38}.Release|x64.ActiveCfg = Release|Any CPU
		{9F88989C-54EC-4BA5-B383-A21CE5F4DE38}.Release|x64.Build.0 = Release|Any CPU
		{9F88989C-54EC-4BA5-B383-A21CE5F4DE38}.Release|x86.ActiveCfg = Release|Any CPU
		{9F88989C-54EC-4BA5-B383-A21CE5F4DE38}.Release|x86.Build.0 = Release|Any CPU
		{169F64D5-6F70-4557-B54E-8FF5496FACB3}.Debug|Any CPU.ActiveCfg = Debug|Any CPU
		{169F64D5-6F70-4557-B54E-8FF5496FACB3}.Debug|Any CPU.Build.0 = Debug|Any CPU
		{169F64D5-6F70-4557-B54E-8FF5496FACB3}.Debug|x64.ActiveCfg = Debug|Any CPU
		{169F64D5-6F70-4557-B54E-8FF5496FACB3}.Debug|x64.Build.0 = Debug|Any CPU
		{169F64D5-6F70-4557-B54E-8FF5496FACB3}.Debug|x86.ActiveCfg = Debug|Any CPU
		{169F64D5-6F70-4557-B54E-8FF5496FACB3}.Debug|x86.Build.0 = Debug|Any CPU
		{169F64D5-6F70-4557-B54E-8FF5496FACB3}.Release|Any CPU.ActiveCfg = Release|Any CPU
		{169F64D5-6F70-4557-B54E-8FF5496FACB3}.Release|Any CPU.Build.0 = Release|Any CPU
		{169F64D5-6F70-4557-B54E-8FF5496FACB3}.Release|x64.ActiveCfg = Release|Any CPU
		{169F64D5-6F70-4557-B54E-8FF5496FACB3}.Release|x64.Build.0 = Release|Any CPU
		{169F64D5-6F70-4557-B54E-8FF5496FACB3}.Release|x86.ActiveCfg = Release|Any CPU
		{169F64D5-6F70-4557-B54E-8FF5496FACB3}.Release|x86.Build.0 = Release|Any CPU
	EndGlobalSection
	GlobalSection(SolutionProperties) = preSolution
		HideSolutionNode = FALSE
	EndGlobalSection
	GlobalSection(NestedProjects) = preSolution
		{C367E2FD-726E-405D-B0B4-B5025B1697F7} = {827E0CD3-B72D-47B6-A68D-7590B98EB39B}
		{9D7C9BC4-DC7F-4F2F-9CDC-B585167FD483} = {827E0CD3-B72D-47B6-A68D-7590B98EB39B}
		{4856797F-EE1E-4909-9B86-5299F6C0EC2F} = {827E0CD3-B72D-47B6-A68D-7590B98EB39B}
		{C59801F3-6BFD-4D3A-B1E5-3DB9CD241559} = {827E0CD3-B72D-47B6-A68D-7590B98EB39B}
		{9F88989C-54EC-4BA5-B383-A21CE5F4DE38} = {827E0CD3-B72D-47B6-A68D-7590B98EB39B}
		{169F64D5-6F70-4557-B54E-8FF5496FACB3} = {827E0CD3-B72D-47B6-A68D-7590B98EB39B}
	EndGlobalSection
EndGlobal
